
Microsoft Visual Studio Solution File, Format Version 12.00
# Visual Studio 14
VisualStudioVersion = 14.0.25420.1
MinimumVisualStudioVersion = 10.0.40219.1
Project("{FAE04EC0-301F-11D3-BF4B-00C04F79EFBC}") = "OdeToFood", "OdeToFood\OdeToFood.csproj", "{D989CF27-F24C-4ECC-8911-F6E1493C28D1}"
EndProject
Project("{FAE04EC0-301F-11D3-BF4B-00C04F79EFBC}") = "OdeToFood.Test", "OdeToFoof.Test\OdeToFood.Test.csproj", "{8CBDAA50-895A-491B-98FD-262C73356941}"
EndProject
Global
	GlobalSection(SolutionConfigurationPlatforms) = preSolution
		Debug|Any CPU = Debug|Any CPU
		Release|Any CPU = Release|Any CPU
	EndGlobalSection
	GlobalSection(ProjectConfigurationPlatforms) = postSolution
		{D989CF27-F24C-4ECC-8911-F6E1493C28D1}.Debug|Any CPU.ActiveCfg = Debug|Any CPU
		{D989CF27-F24C-4ECC-8911-F6E1493C28D1}.Debug|Any CPU.Build.0 = Debug|Any CPU
		{D989CF27-F24C-4ECC-8911-F6E1493C28D1}.Release|Any CPU.ActiveCfg = Release|Any CPU
		{D989CF27-F24C-4ECC-8911-F6E1493C28D1}.Release|Any CPU.Build.0 = Release|Any CPU
		{8CBDAA50-895A-491B-98FD-262C73356941}.Debug|Any CPU.ActiveCfg = Debug|Any CPU
		{8CBDAA50-895A-491B-98FD-262C73356941}.Debug|Any CPU.Build.0 = Debug|Any CPU
		{8CBDAA50-895A-491B-98FD-262C73356941}.Release|Any CPU.ActiveCfg = Release|Any CPU
		{8CBDAA50-895A-491B-98FD-262C73356941}.Release|Any CPU.Build.0 = Release|Any CPU
	EndGlobalSection
	GlobalSection(SolutionProperties) = preSolution
		HideSolutionNode = FALSE
	EndGlobalSection
EndGlobal
